// !$*UTF8*$!
{
	archiveVersion = 1;
	classes = {
	};
	objectVersion = 46;
	objects = {

/* Begin PBXBuildFile section */
		9C688FB41ECA3B8E0023F95D /* AppDelegate.swift in Sources */ = {isa = PBXBuildFile; fileRef = 9C688FB31ECA3B8E0023F95D /* AppDelegate.swift */; };
		9C688FB61ECA3B8E0023F95D /* ViewController.swift in Sources */ = {isa = PBXBuildFile; fileRef = 9C688FB51ECA3B8E0023F95D /* ViewController.swift */; };
		9C688FB91ECA3B8E0023F95D /* Main.storyboard in Resources */ = {isa = PBXBuildFile; fileRef = 9C688FB71ECA3B8E0023F95D /* Main.storyboard */; };
		9C688FBB1ECA3B8E0023F95D /* Assets.xcassets in Resources */ = {isa = PBXBuildFile; fileRef = 9C688FBA1ECA3B8E0023F95D /* Assets.xcassets */; };
		9C688FBE1ECA3B8E0023F95D /* LaunchScreen.storyboard in Resources */ = {isa = PBXBuildFile; fileRef = 9C688FBC1ECA3B8E0023F95D /* LaunchScreen.storyboard */; };
		9C688FC61ECA6D5C0023F95D /* RegistroViewController.swift in Sources */ = {isa = PBXBuildFile; fileRef = 9C688FC51ECA6D5C0023F95D /* RegistroViewController.swift */; };
		9C8BE0691ECDCBDD00CF2789 /* Detalles.storyboard in Resources */ = {isa = PBXBuildFile; fileRef = 9C8BE0681ECDCBDC00CF2789 /* Detalles.storyboard */; };
		9C8BE06B1ECDCFE300CF2789 /* DetallesViewController.swift in Sources */ = {isa = PBXBuildFile; fileRef = 9C8BE06A1ECDCFE300CF2789 /* DetallesViewController.swift */; };
		9C8BE06F1ECDD1E700CF2789 /* check.png in Resources */ = {isa = PBXBuildFile; fileRef = 9C8BE06C1ECDD1E700CF2789 /* check.png */; };
		9C8BE0701ECDD1E700CF2789 /* like.png in Resources */ = {isa = PBXBuildFile; fileRef = 9C8BE06D1ECDD1E700CF2789 /* like.png */; };
		9C8BE0711ECDD1E700CF2789 /* list.png in Resources */ = {isa = PBXBuildFile; fileRef = 9C8BE06E1ECDD1E700CF2789 /* list.png */; };
		9C8BE0731ECDE08400CF2789 /* Principal.storyboard in Resources */ = {isa = PBXBuildFile; fileRef = 9C8BE0721ECDE08400CF2789 /* Principal.storyboard */; };
		9C8BE0751ECDFD5300CF2789 /* tipo.swift in Sources */ = {isa = PBXBuildFile; fileRef = 9C8BE0741ECDFD5300CF2789 /* tipo.swift */; };
		9C8BE07B1ECE767F00CF2789 /* restaurante.png in Resources */ = {isa = PBXBuildFile; fileRef = 9C8BE07A1ECE767F00CF2789 /* restaurante.png */; };
		9C8BE07E1ECE7E6700CF2789 /* RestauranteViewController.swift in Sources */ = {isa = PBXBuildFile; fileRef = 9C8BE07C1ECE7E6700CF2789 /* RestauranteViewController.swift */; };
		9C8BE07F1ECE7E6700CF2789 /* TiposViewController.swift in Sources */ = {isa = PBXBuildFile; fileRef = 9C8BE07D1ECE7E6700CF2789 /* TiposViewController.swift */; };
		9C8BE0811ECE817400CF2789 /* TiposCell.swift in Sources */ = {isa = PBXBuildFile; fileRef = 9C8BE0801ECE817400CF2789 /* TiposCell.swift */; };
		9C8BE0831ECE983800CF2789 /* PlatosViewController.swift in Sources */ = {isa = PBXBuildFile; fileRef = 9C8BE0821ECE983800CF2789 /* PlatosViewController.swift */; };
		9C8BE0851ECE989B00CF2789 /* PlatosCell.swift in Sources */ = {isa = PBXBuildFile; fileRef = 9C8BE0841ECE989B00CF2789 /* PlatosCell.swift */; };
		9C8BE0871ECF2B3500CF2789 /* Users.swift in Sources */ = {isa = PBXBuildFile; fileRef = 9C8BE0861ECF2B3500CF2789 /* Users.swift */; };
		9C8BE0891ECF2DD700CF2789 /* UsuariosApi.swift in Sources */ = {isa = PBXBuildFile; fileRef = 9C8BE0881ECF2DD700CF2789 /* UsuariosApi.swift */; };
		9C8BE08B1ECF4AB500CF2789 /* MenuViewController.swift in Sources */ = {isa = PBXBuildFile; fileRef = 9C8BE08A1ECF4AB500CF2789 /* MenuViewController.swift */; };
		9CA170281ECCED89003EFC83 /* RestauranteApi.swift in Sources */ = {isa = PBXBuildFile; fileRef = 9CA170271ECCED89003EFC83 /* RestauranteApi.swift */; };
		9CA170301ECD232A003EFC83 /* dish.png in Resources */ = {isa = PBXBuildFile; fileRef = 9CA170291ECD232A003EFC83 /* dish.png */; };
		9CA170311ECD232A003EFC83 /* food.png in Resources */ = {isa = PBXBuildFile; fileRef = 9CA1702A1ECD232A003EFC83 /* food.png */; };
		9CA170321ECD232A003EFC83 /* home.png in Resources */ = {isa = PBXBuildFile; fileRef = 9CA1702B1ECD232A003EFC83 /* home.png */; };
		9CA170331ECD232A003EFC83 /* salad.png in Resources */ = {isa = PBXBuildFile; fileRef = 9CA1702C1ECD232A003EFC83 /* salad.png */; };
		9CA170341ECD232A003EFC83 /* saladlogo.png in Resources */ = {isa = PBXBuildFile; fileRef = 9CA1702D1ECD232A003EFC83 /* saladlogo.png */; };
		9CA170351ECD232A003EFC83 /* sandwich.png in Resources */ = {isa = PBXBuildFile; fileRef = 9CA1702E1ECD232A003EFC83 /* sandwich.png */; };
		9CA170361ECD232A003EFC83 /* user.png in Resources */ = {isa = PBXBuildFile; fileRef = 9CA1702F1ECD232A003EFC83 /* user.png */; };
		9CC404CE1ECC66FA009F6836 /* PrincipalViewController.swift in Sources */ = {isa = PBXBuildFile; fileRef = 9CC404CD1ECC66FA009F6836 /* PrincipalViewController.swift */; };
		9CC404D11ECC6B57009F6836 /* Restaurante.swift in Sources */ = {isa = PBXBuildFile; fileRef = 9CC404D01ECC6B57009F6836 /* Restaurante.swift */; };
		9CC404D31ECC7026009F6836 /* Menu.swift in Sources */ = {isa = PBXBuildFile; fileRef = 9CC404D21ECC7026009F6836 /* Menu.swift */; };
		9CC404D61ECC7769009F6836 /* RestauranteCell.swift in Sources */ = {isa = PBXBuildFile; fileRef = 9CC404D51ECC7769009F6836 /* RestauranteCell.swift */; };
		CCDDF54581A577ABEEE53853 /* Pods_EnjoyEating.framework in Frameworks */ = {isa = PBXBuildFile; fileRef = 8C75856D9F2E540D8B846AD1 /* Pods_EnjoyEating.framework */; };
/* End PBXBuildFile section */

/* Begin PBXFileReference section */
		8C75856D9F2E540D8B846AD1 /* Pods_EnjoyEating.framework */ = {isa = PBXFileReference; explicitFileType = wrapper.framework; includeInIndex = 0; path = Pods_EnjoyEating.framework; sourceTree = BUILT_PRODUCTS_DIR; };
		9C688FB01ECA3B8E0023F95D /* EnjoyEating.app */ = {isa = PBXFileReference; explicitFileType = wrapper.application; includeInIndex = 0; path = EnjoyEating.app; sourceTree = BUILT_PRODUCTS_DIR; };
		9C688FB31ECA3B8E0023F95D /* AppDelegate.swift */ = {isa = PBXFileReference; lastKnownFileType = sourcecode.swift; path = AppDelegate.swift; sourceTree = "<group>"; };
		9C688FB51ECA3B8E0023F95D /* ViewController.swift */ = {isa = PBXFileReference; lastKnownFileType = sourcecode.swift; path = ViewController.swift; sourceTree = "<group>"; };
		9C688FB81ECA3B8E0023F95D /* Base */ = {isa = PBXFileReference; lastKnownFileType = file.storyboard; name = Base; path = Base.lproj/Main.storyboard; sourceTree = "<group>"; };
		9C688FBA1ECA3B8E0023F95D /* Assets.xcassets */ = {isa = PBXFileReference; lastKnownFileType = folder.assetcatalog; path = Assets.xcassets; sourceTree = "<group>"; };
		9C688FBD1ECA3B8E0023F95D /* Base */ = {isa = PBXFileReference; lastKnownFileType = file.storyboard; name = Base; path = Base.lproj/LaunchScreen.storyboard; sourceTree = "<group>"; };
		9C688FBF1ECA3B8E0023F95D /* Info.plist */ = {isa = PBXFileReference; lastKnownFileType = text.plist.xml; path = Info.plist; sourceTree = "<group>"; };
		9C688FC51ECA6D5C0023F95D /* RegistroViewController.swift */ = {isa = PBXFileReference; fileEncoding = 4; lastKnownFileType = sourcecode.swift; path = RegistroViewController.swift; sourceTree = "<group>"; };
		9C8BE0681ECDCBDC00CF2789 /* Detalles.storyboard */ = {isa = PBXFileReference; fileEncoding = 4; lastKnownFileType = file.storyboard; path = Detalles.storyboard; sourceTree = "<group>"; };
		9C8BE06A1ECDCFE300CF2789 /* DetallesViewController.swift */ = {isa = PBXFileReference; fileEncoding = 4; lastKnownFileType = sourcecode.swift; path = DetallesViewController.swift; sourceTree = "<group>"; };
		9C8BE06C1ECDD1E700CF2789 /* check.png */ = {isa = PBXFileReference; lastKnownFileType = image.png; name = check.png; path = imagenes/check.png; sourceTree = "<group>"; };
		9C8BE06D1ECDD1E700CF2789 /* like.png */ = {isa = PBXFileReference; lastKnownFileType = image.png; name = like.png; path = imagenes/like.png; sourceTree = "<group>"; };
		9C8BE06E1ECDD1E700CF2789 /* list.png */ = {isa = PBXFileReference; lastKnownFileType = image.png; name = list.png; path = imagenes/list.png; sourceTree = "<group>"; };
		9C8BE0721ECDE08400CF2789 /* Principal.storyboard */ = {isa = PBXFileReference; fileEncoding = 4; lastKnownFileType = file.storyboard; path = Principal.storyboard; sourceTree = "<group>"; };
		9C8BE0741ECDFD5300CF2789 /* tipo.swift */ = {isa = PBXFileReference; fileEncoding = 4; lastKnownFileType = sourcecode.swift; path = tipo.swift; sourceTree = "<group>"; };
		9C8BE07A1ECE767F00CF2789 /* restaurante.png */ = {isa = PBXFileReference; lastKnownFileType = image.png; name = restaurante.png; path = imagenes/restaurante.png; sourceTree = "<group>"; };
		9C8BE07C1ECE7E6700CF2789 /* RestauranteViewController.swift */ = {isa = PBXFileReference; fileEncoding = 4; lastKnownFileType = sourcecode.swift; path = RestauranteViewController.swift; sourceTree = "<group>"; };
		9C8BE07D1ECE7E6700CF2789 /* TiposViewController.swift */ = {isa = PBXFileReference; fileEncoding = 4; lastKnownFileType = sourcecode.swift; path = TiposViewController.swift; sourceTree = "<group>"; };
		9C8BE0801ECE817400CF2789 /* TiposCell.swift */ = {isa = PBXFileReference; fileEncoding = 4; lastKnownFileType = sourcecode.swift; path = TiposCell.swift; sourceTree = "<group>"; };
		9C8BE0821ECE983800CF2789 /* PlatosViewController.swift */ = {isa = PBXFileReference; fileEncoding = 4; lastKnownFileType = sourcecode.swift; path = PlatosViewController.swift; sourceTree = "<group>"; };
		9C8BE0841ECE989B00CF2789 /* PlatosCell.swift */ = {isa = PBXFileReference; fileEncoding = 4; lastKnownFileType = sourcecode.swift; path = PlatosCell.swift; sourceTree = "<group>"; };
		9C8BE0861ECF2B3500CF2789 /* Users.swift */ = {isa = PBXFileReference; fileEncoding = 4; lastKnownFileType = sourcecode.swift; path = Users.swift; sourceTree = "<group>"; };
		9C8BE0881ECF2DD700CF2789 /* UsuariosApi.swift */ = {isa = PBXFileReference; fileEncoding = 4; lastKnownFileType = sourcecode.swift; path = UsuariosApi.swift; sourceTree = "<group>"; };
		9C8BE08A1ECF4AB500CF2789 /* MenuViewController.swift */ = {isa = PBXFileReference; fileEncoding = 4; lastKnownFileType = sourcecode.swift; path = MenuViewController.swift; sourceTree = "<group>"; };
		9CA170271ECCED89003EFC83 /* RestauranteApi.swift */ = {isa = PBXFileReference; fileEncoding = 4; lastKnownFileType = sourcecode.swift; path = RestauranteApi.swift; sourceTree = "<group>"; };
		9CA170291ECD232A003EFC83 /* dish.png */ = {isa = PBXFileReference; lastKnownFileType = image.png; name = dish.png; path = imagenes/dish.png; sourceTree = "<group>"; };
		9CA1702A1ECD232A003EFC83 /* food.png */ = {isa = PBXFileReference; lastKnownFileType = image.png; name = food.png; path = imagenes/food.png; sourceTree = "<group>"; };
		9CA1702B1ECD232A003EFC83 /* home.png */ = {isa = PBXFileReference; lastKnownFileType = image.png; name = home.png; path = imagenes/home.png; sourceTree = "<group>"; };
		9CA1702C1ECD232A003EFC83 /* salad.png */ = {isa = PBXFileReference; lastKnownFileType = image.png; name = salad.png; path = imagenes/salad.png; sourceTree = "<group>"; };
		9CA1702D1ECD232A003EFC83 /* saladlogo.png */ = {isa = PBXFileReference; lastKnownFileType = image.png; name = saladlogo.png; path = imagenes/saladlogo.png; sourceTree = "<group>"; };
		9CA1702E1ECD232A003EFC83 /* sandwich.png */ = {isa = PBXFileReference; lastKnownFileType = image.png; name = sandwich.png; path = imagenes/sandwich.png; sourceTree = "<group>"; };
		9CA1702F1ECD232A003EFC83 /* user.png */ = {isa = PBXFileReference; lastKnownFileType = image.png; name = user.png; path = imagenes/user.png; sourceTree = "<group>"; };
		9CC404CD1ECC66FA009F6836 /* PrincipalViewController.swift */ = {isa = PBXFileReference; fileEncoding = 4; lastKnownFileType = sourcecode.swift; path = PrincipalViewController.swift; sourceTree = "<group>"; };
		9CC404D01ECC6B57009F6836 /* Restaurante.swift */ = {isa = PBXFileReference; fileEncoding = 4; lastKnownFileType = sourcecode.swift; path = Restaurante.swift; sourceTree = "<group>"; };
		9CC404D21ECC7026009F6836 /* Menu.swift */ = {isa = PBXFileReference; fileEncoding = 4; lastKnownFileType = sourcecode.swift; path = Menu.swift; sourceTree = "<group>"; };
		9CC404D51ECC7769009F6836 /* RestauranteCell.swift */ = {isa = PBXFileReference; fileEncoding = 4; lastKnownFileType = sourcecode.swift; path = RestauranteCell.swift; sourceTree = "<group>"; };
		A5FF95706A6683E4DA806511 /* Pods-EnjoyEating.release.xcconfig */ = {isa = PBXFileReference; includeInIndex = 1; lastKnownFileType = text.xcconfig; name = "Pods-EnjoyEating.release.xcconfig"; path = "Pods/Target Support Files/Pods-EnjoyEating/Pods-EnjoyEating.release.xcconfig"; sourceTree = "<group>"; };
		F16A7D433E66F03213E05299 /* Pods-EnjoyEating.debug.xcconfig */ = {isa = PBXFileReference; includeInIndex = 1; lastKnownFileType = text.xcconfig; name = "Pods-EnjoyEating.debug.xcconfig"; path = "Pods/Target Support Files/Pods-EnjoyEating/Pods-EnjoyEating.debug.xcconfig"; sourceTree = "<group>"; };
/* End PBXFileReference section */

/* Begin PBXFrameworksBuildPhase section */
		9C688FAD1ECA3B8E0023F95D /* Frameworks */ = {
			isa = PBXFrameworksBuildPhase;
			buildActionMask = 2147483647;
			files = (
				CCDDF54581A577ABEEE53853 /* Pods_EnjoyEating.framework in Frameworks */,
			);
			runOnlyForDeploymentPostprocessing = 0;
		};
/* End PBXFrameworksBuildPhase section */

/* Begin PBXGroup section */
		10CBBD784D938FFCB07624E1 /* Pods */ = {
			isa = PBXGroup;
			children = (
				F16A7D433E66F03213E05299 /* Pods-EnjoyEating.debug.xcconfig */,
				A5FF95706A6683E4DA806511 /* Pods-EnjoyEating.release.xcconfig */,
			);
			name = Pods;
			sourceTree = "<group>";
		};
		747A4D1B7F36303AFB922669 /* Frameworks */ = {
			isa = PBXGroup;
			children = (
				8C75856D9F2E540D8B846AD1 /* Pods_EnjoyEating.framework */,
			);
			name = Frameworks;
			sourceTree = "<group>";
		};
		9C688FA71ECA3B8E0023F95D = {
			isa = PBXGroup;
			children = (
				9C688FB21ECA3B8E0023F95D /* EnjoyEating */,
				9C688FB11ECA3B8E0023F95D /* Products */,
				10CBBD784D938FFCB07624E1 /* Pods */,
				747A4D1B7F36303AFB922669 /* Frameworks */,
			);
			sourceTree = "<group>";
		};
		9C688FB11ECA3B8E0023F95D /* Products */ = {
			isa = PBXGroup;
			children = (
				9C688FB01ECA3B8E0023F95D /* EnjoyEating.app */,
			);
			name = Products;
			sourceTree = "<group>";
		};
		9C688FB21ECA3B8E0023F95D /* EnjoyEating */ = {
			isa = PBXGroup;
			children = (
				9C8BE0671ECDCB5300CF2789 /* Detalles */,
				9CA170261ECCEC0C003EFC83 /* net */,
				9CC404D41ECC772D009F6836 /* celdas */,
				9CC404CF1ECC6B3C009F6836 /* models */,
				9CDE77321ECB40380080B5B6 /* imagenes */,
				9C688FC71ECA70850023F95D /* Principal */,
				9C688FB31ECA3B8E0023F95D /* AppDelegate.swift */,
				9C688FB51ECA3B8E0023F95D /* ViewController.swift */,
				9C688FB71ECA3B8E0023F95D /* Main.storyboard */,
				9C688FBA1ECA3B8E0023F95D /* Assets.xcassets */,
				9C688FBC1ECA3B8E0023F95D /* LaunchScreen.storyboard */,
				9C688FBF1ECA3B8E0023F95D /* Info.plist */,
				9C688FC51ECA6D5C0023F95D /* RegistroViewController.swift */,
			);
			path = EnjoyEating;
			sourceTree = "<group>";
		};
		9C688FC71ECA70850023F95D /* Principal */ = {
			isa = PBXGroup;
			children = (
				9C8BE07C1ECE7E6700CF2789 /* RestauranteViewController.swift */,
				9C8BE07D1ECE7E6700CF2789 /* TiposViewController.swift */,
				9C8BE0721ECDE08400CF2789 /* Principal.storyboard */,
				9CC404CD1ECC66FA009F6836 /* PrincipalViewController.swift */,
				9C8BE0821ECE983800CF2789 /* PlatosViewController.swift */,
			);
			name = Principal;
			sourceTree = "<group>";
		};
		9C8BE0671ECDCB5300CF2789 /* Detalles */ = {
			isa = PBXGroup;
			children = (
				9C8BE0681ECDCBDC00CF2789 /* Detalles.storyboard */,
				9C8BE06A1ECDCFE300CF2789 /* DetallesViewController.swift */,
				9C8BE08A1ECF4AB500CF2789 /* MenuViewController.swift */,
			);
			name = Detalles;
			sourceTree = "<group>";
		};
		9CA170261ECCEC0C003EFC83 /* net */ = {
			isa = PBXGroup;
			children = (
				9CA170271ECCED89003EFC83 /* RestauranteApi.swift */,
				9C8BE0881ECF2DD700CF2789 /* UsuariosApi.swift */,
			);
			name = net;
			sourceTree = "<group>";
		};
		9CC404CF1ECC6B3C009F6836 /* models */ = {
			isa = PBXGroup;
			children = (
				9CC404D01ECC6B57009F6836 /* Restaurante.swift */,
				9CC404D21ECC7026009F6836 /* Menu.swift */,
				9C8BE0741ECDFD5300CF2789 /* tipo.swift */,
				9C8BE0861ECF2B3500CF2789 /* Users.swift */,
			);
			name = models;
			sourceTree = "<group>";
		};
		9CC404D41ECC772D009F6836 /* celdas */ = {
			isa = PBXGroup;
			children = (
				9CC404D51ECC7769009F6836 /* RestauranteCell.swift */,
				9C8BE0801ECE817400CF2789 /* TiposCell.swift */,
				9C8BE0841ECE989B00CF2789 /* PlatosCell.swift */,
			);
			name = celdas;
			sourceTree = "<group>";
		};
		9CDE77321ECB40380080B5B6 /* imagenes */ = {
			isa = PBXGroup;
			children = (
				9C8BE07A1ECE767F00CF2789 /* restaurante.png */,
				9C8BE06C1ECDD1E700CF2789 /* check.png */,
				9C8BE06D1ECDD1E700CF2789 /* like.png */,
				9C8BE06E1ECDD1E700CF2789 /* list.png */,
				9CA170291ECD232A003EFC83 /* dish.png */,
				9CA1702A1ECD232A003EFC83 /* food.png */,
				9CA1702B1ECD232A003EFC83 /* home.png */,
				9CA1702C1ECD232A003EFC83 /* salad.png */,
				9CA1702D1ECD232A003EFC83 /* saladlogo.png */,
				9CA1702E1ECD232A003EFC83 /* sandwich.png */,
				9CA1702F1ECD232A003EFC83 /* user.png */,
			);
			name = imagenes;
			sourceTree = "<group>";
		};
/* End PBXGroup section */

/* Begin PBXNativeTarget section */
		9C688FAF1ECA3B8E0023F95D /* EnjoyEating */ = {
			isa = PBXNativeTarget;
			buildConfigurationList = 9C688FC21ECA3B8F0023F95D /* Build configuration list for PBXNativeTarget "EnjoyEating" */;
			buildPhases = (
				73AD2472FFC698671F32F032 /* [CP] Check Pods Manifest.lock */,
				9C688FAC1ECA3B8E0023F95D /* Sources */,
				9C688FAD1ECA3B8E0023F95D /* Frameworks */,
				9C688FAE1ECA3B8E0023F95D /* Resources */,
				DBD3921050D8E42204871669 /* [CP] Embed Pods Frameworks */,
				1B255B9DDAA76F60412FE669 /* [CP] Copy Pods Resources */,
			);
			buildRules = (
			);
			dependencies = (
			);
			name = EnjoyEating;
			productName = EnjoyEating;
			productReference = 9C688FB01ECA3B8E0023F95D /* EnjoyEating.app */;
			productType = "com.apple.product-type.application";
		};
/* End PBXNativeTarget section */

/* Begin PBXProject section */
		9C688FA81ECA3B8E0023F95D /* Project object */ = {
			isa = PBXProject;
			attributes = {
				LastSwiftUpdateCheck = 0820;
				LastUpgradeCheck = 0820;
				ORGANIZATIONNAME = "Lina Isabel Aristizabal";
				TargetAttributes = {
					9C688FAF1ECA3B8E0023F95D = {
						CreatedOnToolsVersion = 8.2.1;
						ProvisioningStyle = Automatic;
					};
				};
			};
			buildConfigurationList = 9C688FAB1ECA3B8E0023F95D /* Build configuration list for PBXProject "EnjoyEating" */;
			compatibilityVersion = "Xcode 3.2";
			developmentRegion = English;
			hasScannedForEncodings = 0;
			knownRegions = (
				en,
				Base,
			);
			mainGroup = 9C688FA71ECA3B8E0023F95D;
			productRefGroup = 9C688FB11ECA3B8E0023F95D /* Products */;
			projectDirPath = "";
			projectRoot = "";
			targets = (
				9C688FAF1ECA3B8E0023F95D /* EnjoyEating */,
			);
		};
/* End PBXProject section */

/* Begin PBXResourcesBuildPhase section */
		9C688FAE1ECA3B8E0023F95D /* Resources */ = {
			isa = PBXResourcesBuildPhase;
			buildActionMask = 2147483647;
			files = (
				9C8BE07B1ECE767F00CF2789 /* restaurante.png in Resources */,
				9C8BE0691ECDCBDD00CF2789 /* Detalles.storyboard in Resources */,
				9C8BE06F1ECDD1E700CF2789 /* check.png in Resources */,
				9C8BE0731ECDE08400CF2789 /* Principal.storyboard in Resources */,
				9C688FBE1ECA3B8E0023F95D /* LaunchScreen.storyboard in Resources */,
				9CA170331ECD232A003EFC83 /* salad.png in Resources */,
				9C8BE0701ECDD1E700CF2789 /* like.png in Resources */,
				9CA170301ECD232A003EFC83 /* dish.png in Resources */,
				9CA170361ECD232A003EFC83 /* user.png in Resources */,
				9CA170321ECD232A003EFC83 /* home.png in Resources */,
				9CA170351ECD232A003EFC83 /* sandwich.png in Resources */,
				9C688FBB1ECA3B8E0023F95D /* Assets.xcassets in Resources */,
				9C8BE0711ECDD1E700CF2789 /* list.png in Resources */,
				9C688FB91ECA3B8E0023F95D /* Main.storyboard in Resources */,
				9CA170341ECD232A003EFC83 /* saladlogo.png in Resources */,
				9CA170311ECD232A003EFC83 /* food.png in Resources */,
			);
			runOnlyForDeploymentPostprocessing = 0;
		};
/* End PBXResourcesBuildPhase section */

/* Begin PBXShellScriptBuildPhase section */
		1B255B9DDAA76F60412FE669 /* [CP] Copy Pods Resources */ = {
			isa = PBXShellScriptBuildPhase;
			buildActionMask = 2147483647;
			files = (
			);
			inputPaths = (
			);
			name = "[CP] Copy Pods Resources";
			outputPaths = (
			);
			runOnlyForDeploymentPostprocessing = 0;
			shellPath = /bin/sh;
			shellScript = "\"${SRCROOT}/Pods/Target Support Files/Pods-EnjoyEating/Pods-EnjoyEating-resources.sh\"\n";
			showEnvVarsInLog = 0;
		};
		73AD2472FFC698671F32F032 /* [CP] Check Pods Manifest.lock */ = {
			isa = PBXShellScriptBuildPhase;
			buildActionMask = 2147483647;
			files = (
			);
			inputPaths = (
			);
			name = "[CP] Check Pods Manifest.lock";
			outputPaths = (
			);
			runOnlyForDeploymentPostprocessing = 0;
			shellPath = /bin/sh;
			shellScript = "diff \"${PODS_PODFILE_DIR_PATH}/Podfile.lock\" \"${PODS_ROOT}/Manifest.lock\" > /dev/null\nif [ $? != 0 ] ; then\n    # print error to STDERR\n    echo \"error: The sandbox is not in sync with the Podfile.lock. Run 'pod install' or update your CocoaPods installation.\" >&2\n    exit 1\nfi\n";
			showEnvVarsInLog = 0;
		};
		DBD3921050D8E42204871669 /* [CP] Embed Pods Frameworks */ = {
			isa = PBXShellScriptBuildPhase;
			buildActionMask = 2147483647;
			files = (
			);
			inputPaths = (
			);
			name = "[CP] Embed Pods Frameworks";
			outputPaths = (
			);
			runOnlyForDeploymentPostprocessing = 0;
			shellPath = /bin/sh;
			shellScript = "\"${SRCROOT}/Pods/Target Support Files/Pods-EnjoyEating/Pods-EnjoyEating-frameworks.sh\"\n";
			showEnvVarsInLog = 0;
		};
/* End PBXShellScriptBuildPhase section */

/* Begin PBXSourcesBuildPhase section */
		9C688FAC1ECA3B8E0023F95D /* Sources */ = {
			isa = PBXSourcesBuildPhase;
			buildActionMask = 2147483647;
			files = (
				9C8BE0851ECE989B00CF2789 /* PlatosCell.swift in Sources */,
				9C8BE0811ECE817400CF2789 /* TiposCell.swift in Sources */,
				9CC404D31ECC7026009F6836 /* Menu.swift in Sources */,
				9C688FB61ECA3B8E0023F95D /* ViewController.swift in Sources */,
				9C8BE06B1ECDCFE300CF2789 /* DetallesViewController.swift in Sources */,
				9C8BE0871ECF2B3500CF2789 /* Users.swift in Sources */,
				9C8BE0751ECDFD5300CF2789 /* tipo.swift in Sources */,
				9CC404D11ECC6B57009F6836 /* Restaurante.swift in Sources */,
				9C8BE07E1ECE7E6700CF2789 /* RestauranteViewController.swift in Sources */,
				9C8BE07F1ECE7E6700CF2789 /* TiposViewController.swift in Sources */,
				9CC404CE1ECC66FA009F6836 /* PrincipalViewController.swift in Sources */,
				9C688FC61ECA6D5C0023F95D /* RegistroViewController.swift in Sources */,
				9CC404D61ECC7769009F6836 /* RestauranteCell.swift in Sources */,
				9C8BE08B1ECF4AB500CF2789 /* MenuViewController.swift in Sources */,
				9C8BE0831ECE983800CF2789 /* PlatosViewController.swift in Sources */,
				9C8BE0891ECF2DD700CF2789 /* UsuariosApi.swift in Sources */,
				9C688FB41ECA3B8E0023F95D /* AppDelegate.swift in Sources */,
				9CA170281ECCED89003EFC83 /* RestauranteApi.swift in Sources */,
			);
			runOnlyForDeploymentPostprocessing = 0;
		};
/* End PBXSourcesBuildPhase section */

/* Begin PBXVariantGroup section */
		9C688FB71ECA3B8E0023F95D /* Main.storyboard */ = {
			isa = PBXVariantGroup;
			children = (
				9C688FB81ECA3B8E0023F95D /* Base */,
			);
			name = Main.storyboard;
			sourceTree = "<group>";
		};
		9C688FBC1ECA3B8E0023F95D /* LaunchScreen.storyboard */ = {
			isa = PBXVariantGroup;
			children = (
				9C688FBD1ECA3B8E0023F95D /* Base */,
			);
			name = LaunchScreen.storyboard;
			sourceTree = "<group>";
		};
/* End PBXVariantGroup section */

/* Begin XCBuildConfiguration section */
		9C688FC01ECA3B8F0023F95D /* Debug */ = {
			isa = XCBuildConfiguration;
			buildSettings = {
				ALWAYS_SEARCH_USER_PATHS = NO;
				CLANG_ANALYZER_NONNULL = YES;
				CLANG_CXX_LANGUAGE_STANDARD = "gnu++0x";
				CLANG_CXX_LIBRARY = "libc++";
				CLANG_ENABLE_MODULES = YES;
				CLANG_ENABLE_OBJC_ARC = YES;
				CLANG_WARN_BOOL_CONVERSION = YES;
				CLANG_WARN_CONSTANT_CONVERSION = YES;
				CLANG_WARN_DIRECT_OBJC_ISA_USAGE = YES_ERROR;
				CLANG_WARN_DOCUMENTATION_COMMENTS = YES;
				CLANG_WARN_EMPTY_BODY = YES;
				CLANG_WARN_ENUM_CONVERSION = YES;
				CLANG_WARN_INFINITE_RECURSION = YES;
				CLANG_WARN_INT_CONVERSION = YES;
				CLANG_WARN_OBJC_ROOT_CLASS = YES_ERROR;
				CLANG_WARN_SUSPICIOUS_MOVE = YES;
				CLANG_WARN_UNREACHABLE_CODE = YES;
				CLANG_WARN__DUPLICATE_METHOD_MATCH = YES;
				"CODE_SIGN_IDENTITY[sdk=iphoneos*]" = "iPhone Developer";
				COPY_PHASE_STRIP = NO;
				DEBUG_INFORMATION_FORMAT = dwarf;
				ENABLE_STRICT_OBJC_MSGSEND = YES;
				ENABLE_TESTABILITY = YES;
				GCC_C_LANGUAGE_STANDARD = gnu99;
				GCC_DYNAMIC_NO_PIC = NO;
				GCC_NO_COMMON_BLOCKS = YES;
				GCC_OPTIMIZATION_LEVEL = 0;
				GCC_PREPROCESSOR_DEFINITIONS = (
					"DEBUG=1",
					"$(inherited)",
				);
				GCC_WARN_64_TO_32_BIT_CONVERSION = YES;
				GCC_WARN_ABOUT_RETURN_TYPE = YES_ERROR;
				GCC_WARN_UNDECLARED_SELECTOR = YES;
				GCC_WARN_UNINITIALIZED_AUTOS = YES_AGGRESSIVE;
				GCC_WARN_UNUSED_FUNCTION = YES;
				GCC_WARN_UNUSED_VARIABLE = YES;
				IPHONEOS_DEPLOYMENT_TARGET = 10.2;
				MTL_ENABLE_DEBUG_INFO = YES;
				ONLY_ACTIVE_ARCH = YES;
				SDKROOT = iphoneos;
				SWIFT_ACTIVE_COMPILATION_CONDITIONS = DEBUG;
				SWIFT_OPTIMIZATION_LEVEL = "-Onone";
				TARGETED_DEVICE_FAMILY = "1,2";
			};
			name = Debug;
		};
		9C688FC11ECA3B8F0023F95D /* Release */ = {
			isa = XCBuildConfiguration;
			buildSettings = {
				ALWAYS_SEARCH_USER_PATHS = NO;
				CLANG_ANALYZER_NONNULL = YES;
				CLANG_CXX_LANGUAGE_STANDARD = "gnu++0x";
				CLANG_CXX_LIBRARY = "libc++";
				CLANG_ENABLE_MODULES = YES;
				CLANG_ENABLE_OBJC_ARC = YES;
				CLANG_WARN_BOOL_CONVERSION = YES;
				CLANG_WARN_CONSTANT_CONVERSION = YES;
				CLANG_WARN_DIRECT_OBJC_ISA_USAGE = YES_ERROR;
				CLANG_WARN_DOCUMENTATION_COMMENTS = YES;
				CLANG_WARN_EMPTY_BODY = YES;
				CLANG_WARN_ENUM_CONVERSION = YES;
				CLANG_WARN_INFINITE_RECURSION = YES;
				CLANG_WARN_INT_CONVERSION = YES;
				CLANG_WARN_OBJC_ROOT_CLASS = YES_ERROR;
				CLANG_WARN_SUSPICIOUS_MOVE = YES;
				CLANG_WARN_UNREACHABLE_CODE = YES;
				CLANG_WARN__DUPLICATE_METHOD_MATCH = YES;
				"CODE_SIGN_IDENTITY[sdk=iphoneos*]" = "iPhone Developer";
				COPY_PHASE_STRIP = NO;
				DEBUG_INFORMATION_FORMAT = "dwarf-with-dsym";
				ENABLE_NS_ASSERTIONS = NO;
				ENABLE_STRICT_OBJC_MSGSEND = YES;
				GCC_C_LANGUAGE_STANDARD = gnu99;
				GCC_NO_COMMON_BLOCKS = YES;
				GCC_WARN_64_TO_32_BIT_CONVERSION = YES;
				GCC_WARN_ABOUT_RETURN_TYPE = YES_ERROR;
				GCC_WARN_UNDECLARED_SELECTOR = YES;
				GCC_WARN_UNINITIALIZED_AUTOS = YES_AGGRESSIVE;
				GCC_WARN_UNUSED_FUNCTION = YES;
				GCC_WARN_UNUSED_VARIABLE = YES;
				IPHONEOS_DEPLOYMENT_TARGET = 10.2;
				MTL_ENABLE_DEBUG_INFO = NO;
				SDKROOT = iphoneos;
				SWIFT_OPTIMIZATION_LEVEL = "-Owholemodule";
				TARGETED_DEVICE_FAMILY = "1,2";
				VALIDATE_PRODUCT = YES;
			};
			name = Release;
		};
		9C688FC31ECA3B8F0023F95D /* Debug */ = {
			isa = XCBuildConfiguration;
			baseConfigurationReference = F16A7D433E66F03213E05299 /* Pods-EnjoyEating.debug.xcconfig */;
			buildSettings = {
				ASSETCATALOG_COMPILER_APPICON_NAME = AppIcon;
				INFOPLIST_FILE = EnjoyEating/Info.plist;
				LD_RUNPATH_SEARCH_PATHS = "$(inherited) @executable_path/Frameworks";
				PRODUCT_BUNDLE_IDENTIFIER = unicauca.EnjoyEating;
				PRODUCT_NAME = "$(TARGET_NAME)";
				SWIFT_VERSION = 3.0;
			};
			name = Debug;
		};
		9C688FC41ECA3B8F0023F95D /* Release */ = {
			isa = XCBuildConfiguration;
			baseConfigurationReference = A5FF95706A6683E4DA806511 /* Pods-EnjoyEating.release.xcconfig */;
			buildSettings = {
				ASSETCATALOG_COMPILER_APPICON_NAME = AppIcon;
				INFOPLIST_FILE = EnjoyEating/Info.plist;
				LD_RUNPATH_SEARCH_PATHS = "$(inherited) @executable_path/Frameworks";
				PRODUCT_BUNDLE_IDENTIFIER = unicauca.EnjoyEating;
				PRODUCT_NAME = "$(TARGET_NAME)";
				SWIFT_VERSION = 3.0;
			};
			name = Release;
		};
/* End XCBuildConfiguration section */

/* Begin XCConfigurationList section */
		9C688FAB1ECA3B8E0023F95D /* Build configuration list for PBXProject "EnjoyEating" */ = {
			isa = XCConfigurationList;
			buildConfigurations = (
				9C688FC01ECA3B8F0023F95D /* Debug */,
				9C688FC11ECA3B8F0023F95D /* Release */,
			);
			defaultConfigurationIsVisible = 0;
			defaultConfigurationName = Release;
		};
		9C688FC21ECA3B8F0023F95D /* Build configuration list for PBXNativeTarget "EnjoyEating" */ = {
			isa = XCConfigurationList;
			buildConfigurations = (
				9C688FC31ECA3B8F0023F95D /* Debug */,
				9C688FC41ECA3B8F0023F95D /* Release */,
			);
			defaultConfigurationIsVisible = 0;
			defaultConfigurationName = Release;
		};
/* End XCConfigurationList section */
	};
	rootObject = 9C688FA81ECA3B8E0023F95D /* Project object */;
}
